{
    "_readme": [
        "This file locks the dependencies of your project to a known state",
        "Read more about it at https://getcomposer.org/doc/01-basic-usage.md#installing-dependencies",
        "This file is @generated automatically"
    ],
    "content-hash": "2f276ba6f0e4ce6a07fff29a071456f2",
    "packages": [
        {
            "name": "coyl/git",
            "version": "0.1.7",
            "source": {
                "type": "git",
                "url": "https://github.com/coyl/git.git",
                "reference": "bc9893d096fab1bdd0fac8ee2f30b8b1dcbf8d63"
            },
            "dist": {
                "type": "zip",
                "url": "https://api.github.com/repos/coyl/git/zipball/bc9893d096fab1bdd0fac8ee2f30b8b1dcbf8d63",
                "reference": "bc9893d096fab1bdd0fac8ee2f30b8b1dcbf8d63",
                "shasum": ""
            },
            "require": {
                "php": ">=5.4"
            },
            "require-dev": {
                "phpunit/phpunit": "~3.7.0"
            },
            "type": "library",
            "autoload": {
                "psr-4": {
                    "": "src/"
                }
            },
            "notification-url": "https://packagist.org/downloads/",
            "authors": [
                {
                    "name": "Vasil coylOne Kulakov",
                    "email": "iam@vasiliy.pro",
                    "homepage": "http://github.com/coyl"
                }
            ],
            "description": "PHP library for manipulations on git repository. Based on kbjr/Git.php and it's forks",
            "homepage": "https://github.com/coyl/Git.php",
            "keywords": [
                "git",
                "git-client",
                "php-git"
            ],
            "support": {
                "source": "https://github.com/coyl/git/tree/master"
            },
            "time": "2017-09-12T08:37:07+00:00"
        },
        {
            "name": "nowakowskir/php-jwt",
            "version": "2.1.1",
            "source": {
                "type": "git",
                "url": "https://github.com/nowakowskir/php-jwt.git",
                "reference": "df6f9961d8c365f38742d2d6352254d6b8ae9abd"
            },
            "dist": {
                "type": "zip",
                "url": "https://api.github.com/repos/nowakowskir/php-jwt/zipball/df6f9961d8c365f38742d2d6352254d6b8ae9abd",
                "reference": "df6f9961d8c365f38742d2d6352254d6b8ae9abd",
                "shasum": ""
            },
            "require": {
                "php": ">=7.2.1"
            },
            "require-dev": {
                "phpunit/phpunit": "^7.5|^8.0"
            },
            "type": "library",
            "autoload": {
                "psr-4": {
                    "Nowakowskir\\JWT\\": "src/"
                }
            },
            "notification-url": "https://packagist.org/downloads/",
            "license": [
                "BSD-3-Clause"
            ],
            "authors": [
                {
                    "name": "Radosław Nowakowski",
                    "email": "nowakowski.r@gmail.com"
                }
            ],
            "description": "JSON Web Token implementation for PHP.",
            "homepage": "https://github.com/nowakowskir/php-jwt",
            "keywords": [
                "json",
                "jwt",
                "token"
            ],
            "support": {
                "issues": "https://github.com/nowakowskir/php-jwt/issues",
                "source": "https://github.com/nowakowskir/php-jwt/tree/2.1.1"
            },
            "time": "2022-11-14T18:21:36+00:00"
        },
        {
            "name": "phpfastcache/phpfastcache",
            "version": "v8.x-dev",
            "source": {
                "type": "git",
                "url": "https://github.com/PHPSocialNetwork/phpfastcache.git",
                "reference": "ad4ac950b63fd2d3368fb1204e80413969c3c2b8"
            },
            "dist": {
                "type": "zip",
                "url": "https://api.github.com/repos/PHPSocialNetwork/phpfastcache/zipball/ad4ac950b63fd2d3368fb1204e80413969c3c2b8",
                "reference": "ad4ac950b63fd2d3368fb1204e80413969c3c2b8",
                "shasum": ""
            },
            "require": {
                "ext-json": "*",
                "ext-mbstring": "*",
                "php": ">=7.3",
                "psr/cache": "~1.0.0",
                "psr/simple-cache": "~1.0.0"
            },
            "conflict": {
                "doctrine/couchdb": "*"
            },
            "require-dev": {
                "ext-gettext": "*",
                "league/climate": "^3.5"
            },
            "suggest": {
                "ext-apc": "*",
                "ext-couchbase": "*",
                "ext-couchbase_v3": "*",
                "ext-intl": "*",
                "ext-leveldb": "*",
                "ext-memcache": "*",
                "ext-memcached": "*",
                "ext-redis": "*",
                "ext-sqlite": "*",
                "ext-wincache": "*",
                "ext-xcache": "*",
                "mongodb/mongodb": "^1.9",
                "phpfastcache/couchdb": "~1.0.0",
                "phpfastcache/phpssdb": "~1.0.0",
                "predis/predis": "^1.1"
            },
            "type": "library",
            "autoload": {
                "psr-4": {
                    "Phpfastcache\\": "lib/Phpfastcache/",
                    "Phpfastcache\\Tests\\": "tests/lib/"
                }
            },
            "notification-url": "https://packagist.org/downloads/",
            "license": [
                "MIT"
            ],
            "authors": [
                {
                    "name": "Georges.L",
                    "email": "contact@geolim4.com",
                    "homepage": "https://github.com/Geolim4",
                    "role": "Actual Project Manager/Developer"
                },
                {
                    "name": "Khoa Bui",
                    "email": "khoaofgod@gmail.com",
                    "homepage": "https://www.phpfastcache.com",
                    "role": "Former Project Developer/Original Creator"
                }
            ],
            "description": "PHP Abstract Cache Class - Reduce your database call using cache system. PhpFastCache handles a lot of drivers such as Apc(u), Cassandra, CouchBase, Couchdb, Mongodb, Files, (P)redis, Leveldb, Memcache(d), Ssdb, Sqlite, Wincache, Xcache, Zend Data Cache.",
            "homepage": "https://www.phpfastcache.com",
            "keywords": [
                "LevelDb",
                "abstract",
                "apc",
                "apcu",
                "cache",
                "cache class",
                "caching",
                "cassandra",
                "cookie",
                "couchbase",
                "couchdb",
                "files cache",
                "memcache",
                "memcached",
                "mongodb",
                "mysql cache",
                "pdo cache",
                "php cache",
                "predis",
                "redis",
                "ssdb",
                "wincache",
                "xcache",
                "zend",
                "zend data cache",
                "zend disk cache",
                "zend memory cache",
                "zend server"
            ],
            "support": {
                "issues": "https://github.com/PHPSocialNetwork/phpfastcache/issues",
                "source": "https://github.com/PHPSocialNetwork/phpfastcache/tree/v8"
            },
            "funding": [
                {
                    "url": "https://github.com/geolim4",
                    "type": "github"
                },
                {
                    "url": "https://www.patreon.com/geolim4",
                    "type": "patreon"
                }
            ],
            "time": "2023-02-11T23:32:28+00:00"
        },
        {
            "name": "psr/cache",
            "version": "1.0.1",
            "source": {
                "type": "git",
                "url": "https://github.com/php-fig/cache.git",
                "reference": "d11b50ad223250cf17b86e38383413f5a6764bf8"
            },
            "dist": {
                "type": "zip",
                "url": "https://api.github.com/repos/php-fig/cache/zipball/d11b50ad223250cf17b86e38383413f5a6764bf8",
                "reference": "d11b50ad223250cf17b86e38383413f5a6764bf8",
                "shasum": ""
            },
            "require": {
                "php": ">=5.3.0"
            },
            "type": "library",
            "extra": {
                "branch-alias": {
                    "dev-master": "1.0.x-dev"
                }
            },
            "autoload": {
                "psr-4": {
                    "Psr\\Cache\\": "src/"
                }
            },
            "notification-url": "https://packagist.org/downloads/",
            "license": [
                "MIT"
            ],
            "authors": [
                {
                    "name": "PHP-FIG",
                    "homepage": "http://www.php-fig.org/"
                }
            ],
            "description": "Common interface for caching libraries",
            "keywords": [
                "cache",
                "psr",
                "psr-6"
            ],
            "support": {
                "source": "https://github.com/php-fig/cache/tree/master"
            },
            "time": "2016-08-06T20:24:11+00:00"
        },
        {
            "name": "psr/log",
            "version": "1.1.4",
            "source": {
                "type": "git",
                "url": "https://github.com/php-fig/log.git",
                "reference": "d49695b909c3b7628b6289db5479a1c204601f11"
            },
            "dist": {
                "type": "zip",
                "url": "https://api.github.com/repos/php-fig/log/zipball/d49695b909c3b7628b6289db5479a1c204601f11",
                "reference": "d49695b909c3b7628b6289db5479a1c204601f11",
                "shasum": ""
            },
            "require": {
                "php": ">=5.3.0"
            },
            "type": "library",
            "extra": {
                "branch-alias": {
                    "dev-master": "1.1.x-dev"
                }
            },
            "autoload": {
                "psr-4": {
                    "Psr\\Log\\": "Psr/Log/"
                }
            },
            "notification-url": "https://packagist.org/downloads/",
            "license": [
                "MIT"
            ],
            "authors": [
                {
                    "name": "PHP-FIG",
                    "homepage": "https://www.php-fig.org/"
                }
            ],
            "description": "Common interface for logging libraries",
            "homepage": "https://github.com/php-fig/log",
            "keywords": [
                "log",
                "psr",
                "psr-3"
            ],
            "support": {
                "source": "https://github.com/php-fig/log/tree/1.1.4"
            },
            "time": "2021-05-03T11:20:27+00:00"
        },
        {
            "name": "psr/simple-cache",
            "version": "1.0.1",
            "source": {
                "type": "git",
                "url": "https://github.com/php-fig/simple-cache.git",
                "reference": "408d5eafb83c57f6365a3ca330ff23aa4a5fa39b"
            },
            "dist": {
                "type": "zip",
                "url": "https://api.github.com/repos/php-fig/simple-cache/zipball/408d5eafb83c57f6365a3ca330ff23aa4a5fa39b",
                "reference": "408d5eafb83c57f6365a3ca330ff23aa4a5fa39b",
                "shasum": ""
            },
            "require": {
                "php": ">=5.3.0"
            },
            "type": "library",
            "extra": {
                "branch-alias": {
                    "dev-master": "1.0.x-dev"
                }
            },
            "autoload": {
                "psr-4": {
                    "Psr\\SimpleCache\\": "src/"
                }
            },
            "notification-url": "https://packagist.org/downloads/",
            "license": [
                "MIT"
            ],
            "authors": [
                {
                    "name": "PHP-FIG",
                    "homepage": "http://www.php-fig.org/"
                }
            ],
            "description": "Common interfaces for simple caching",
            "keywords": [
                "cache",
                "caching",
                "psr",
                "psr-16",
                "simple-cache"
            ],
            "support": {
                "source": "https://github.com/php-fig/simple-cache/tree/master"
            },
            "time": "2017-10-23T01:57:42+00:00"
        },
        {
            "name": "scssphp/scssphp",
            "version": "1.x-dev",
            "source": {
                "type": "git",
                "url": "https://github.com/scssphp/scssphp.git",
                "reference": "33749d12c2569bb24071f94e9af828662dabb068"
            },
            "dist": {
                "type": "zip",
                "url": "https://api.github.com/repos/scssphp/scssphp/zipball/33749d12c2569bb24071f94e9af828662dabb068",
                "reference": "33749d12c2569bb24071f94e9af828662dabb068",
                "shasum": ""
            },
            "require": {
                "ext-ctype": "*",
                "ext-json": "*",
                "php": ">=5.6.0"
            },
            "require-dev": {
                "bamarni/composer-bin-plugin": "^1.4",
                "phpunit/phpunit": "^5.7 || ^6.5 || ^7.5 || ^8.3 || ^9.4",
                "sass/sass-spec": "*",
                "squizlabs/php_codesniffer": "~3.5",
                "symfony/phpunit-bridge": "^5.1",
                "thoughtbot/bourbon": "^7.0",
                "twbs/bootstrap": "~5.0",
                "twbs/bootstrap4": "4.6.1",
                "zurb/foundation": "~6.5"
            },
            "suggest": {
                "ext-iconv": "Can be used as fallback when ext-mbstring is not available",
                "ext-mbstring": "For best performance, mbstring should be installed as it is faster than ext-iconv"
            },
            "bin": [
                "bin/pscss"
            ],
            "type": "library",
            "extra": {
                "bamarni-bin": {
                    "forward-command": false,
                    "bin-links": false
                }
            },
            "autoload": {
                "psr-4": {
                    "ScssPhp\\ScssPhp\\": "src/"
                }
            },
            "notification-url": "https://packagist.org/downloads/",
            "license": [
                "MIT"
            ],
            "authors": [
                {
                    "name": "Anthon Pang",
                    "email": "apang@softwaredevelopment.ca",
                    "homepage": "https://github.com/robocoder"
                },
                {
                    "name": "Cédric Morin",
                    "email": "cedric@yterium.com",
                    "homepage": "https://github.com/Cerdic"
                }
            ],
            "description": "scssphp is a compiler for SCSS written in PHP.",
            "homepage": "http://scssphp.github.io/scssphp/",
            "keywords": [
                "css",
                "less",
                "sass",
                "scss",
                "stylesheet"
            ],
            "support": {
                "issues": "https://github.com/scssphp/scssphp/issues",
                "source": "https://github.com/scssphp/scssphp/tree/1.x"
            },
            "time": "2022-09-02T21:24:55+00:00"
        },
        {
            "name": "symfony/polyfill-ctype",
            "version": "dev-main",
            "source": {
                "type": "git",
                "url": "https://github.com/symfony/polyfill-ctype.git",
                "reference": "ea208ce43cbb04af6867b4fdddb1bdbf84cc28cb"
            },
            "dist": {
                "type": "zip",
                "url": "https://api.github.com/repos/symfony/polyfill-ctype/zipball/ea208ce43cbb04af6867b4fdddb1bdbf84cc28cb",
                "reference": "ea208ce43cbb04af6867b4fdddb1bdbf84cc28cb",
                "shasum": ""
            },
            "require": {
                "php": ">=7.1"
            },
            "provide": {
                "ext-ctype": "*"
            },
            "suggest": {
                "ext-ctype": "For best performance"
            },
            "default-branch": true,
            "type": "library",
            "extra": {
                "branch-alias": {
                    "dev-main": "1.28-dev"
                },
                "thanks": {
                    "name": "symfony/polyfill",
                    "url": "https://github.com/symfony/polyfill"
                }
            },
            "autoload": {
                "files": [
                    "bootstrap.php"
                ],
                "psr-4": {
                    "Symfony\\Polyfill\\Ctype\\": ""
                }
            },
            "notification-url": "https://packagist.org/downloads/",
            "license": [
                "MIT"
            ],
            "authors": [
                {
                    "name": "Gert de Pagter",
                    "email": "BackEndTea@gmail.com"
                },
                {
                    "name": "Symfony Community",
                    "homepage": "https://symfony.com/contributors"
                }
            ],
            "description": "Symfony polyfill for ctype functions",
            "homepage": "https://symfony.com",
            "keywords": [
                "compatibility",
                "ctype",
                "polyfill",
                "portable"
            ],
            "support": {
                "source": "https://github.com/symfony/polyfill-ctype/tree/main"
            },
            "funding": [
                {
                    "url": "https://symfony.com/sponsor",
                    "type": "custom"
                },
                {
                    "url": "https://github.com/fabpot",
                    "type": "github"
                },
                {
                    "url": "https://tidelift.com/funding/github/packagist/symfony/symfony",
                    "type": "tidelift"
                }
            ],
            "time": "2023-01-26T09:26:14+00:00"
        },
        {
            "name": "symfony/polyfill-mbstring",
            "version": "dev-main",
            "source": {
                "type": "git",
                "url": "https://github.com/symfony/polyfill-mbstring.git",
                "reference": "f9c7affe77a00ae32ca127ca6833d034e6d33f25"
            },
            "dist": {
                "type": "zip",
                "url": "https://api.github.com/repos/symfony/polyfill-mbstring/zipball/f9c7affe77a00ae32ca127ca6833d034e6d33f25",
                "reference": "f9c7affe77a00ae32ca127ca6833d034e6d33f25",
                "shasum": ""
            },
            "require": {
                "php": ">=7.1"
            },
            "provide": {
                "ext-mbstring": "*"
            },
            "suggest": {
                "ext-mbstring": "For best performance"
            },
            "default-branch": true,
            "type": "library",
            "extra": {
                "branch-alias": {
                    "dev-main": "1.28-dev"
                },
                "thanks": {
                    "name": "symfony/polyfill",
                    "url": "https://github.com/symfony/polyfill"
                }
            },
            "autoload": {
                "files": [
                    "bootstrap.php"
                ],
                "psr-4": {
                    "Symfony\\Polyfill\\Mbstring\\": ""
                }
            },
            "notification-url": "https://packagist.org/downloads/",
            "license": [
                "MIT"
            ],
            "authors": [
                {
                    "name": "Nicolas Grekas",
                    "email": "p@tchwork.com"
                },
                {
                    "name": "Symfony Community",
                    "homepage": "https://symfony.com/contributors"
                }
            ],
            "description": "Symfony polyfill for the Mbstring extension",
            "homepage": "https://symfony.com",
            "keywords": [
                "compatibility",
                "mbstring",
                "polyfill",
                "portable",
                "shim"
            ],
            "support": {
                "source": "https://github.com/symfony/polyfill-mbstring/tree/main"
            },
            "funding": [
                {
                    "url": "https://symfony.com/sponsor",
                    "type": "custom"
                },
                {
                    "url": "https://github.com/fabpot",
                    "type": "github"
                },
                {
                    "url": "https://tidelift.com/funding/github/packagist/symfony/symfony",
                    "type": "tidelift"
                }
            ],
            "time": "2023-01-30T17:25:47+00:00"
        },
        {
            "name": "tina4stack/tina4php",
            "version": "dev-master",
            "source": {
                "type": "git",
                "url": "https://github.com/tina4stack/tina4-php.git",
                "reference": "19c2bb666df20952c45be393545c300d5161b9a0"
            },
            "dist": {
                "type": "zip",
                "url": "https://api.github.com/repos/tina4stack/tina4-php/zipball/19c2bb666df20952c45be393545c300d5161b9a0",
                "reference": "19c2bb666df20952c45be393545c300d5161b9a0",
                "shasum": ""
            },
            "require": {
                "coyl/git": "^0.1.7",
                "ext-curl": "*",
                "ext-fileinfo": "*",
                "ext-json": "*",
                "ext-libxml": "*",
                "ext-openssl": "*",
                "nowakowskir/php-jwt": "^2.0.1",
                "phpfastcache/phpfastcache": "^8.0.5",
                "psr/log": "^1.1.4",
                "scssphp/scssphp": "^1.5.2",
                "tina4stack/tina4php-core": "^2.0",
                "tina4stack/tina4php-database": "^2.0",
                "tina4stack/tina4php-debug": "^2.0",
                "tina4stack/tina4php-env": "^2.0",
                "tina4stack/tina4php-orm": "^2.0",
                "tina4stack/tina4php-shape": "^2.0",
                "twig/twig": "^3.3.8"
            },
            "require-dev": {
                "overtrue/phplint": "^2.0",
                "phpmetrics/phpmetrics": "^2.8",
                "phpunit/phpunit": "^9",
                "roave/security-advisories": "dev-latest",
                "tina4stack/tina4php-reports": "dev-main",
                "tina4stack/tina4php-sqlite3": "^2.0"
            },
            "default-branch": true,
            "type": "library",
            "autoload": {
                "files": [
                    "Tina4/Functions.php",
                    "Tina4/Initialize.php"
                ],
                "psr-4": {
                    "\\": [
                        "src",
                        "src/app",
                        "src/orm",
                        "src/routes",
                        "Helpers/"
                    ],
                    "Tina4\\": [
                        "Tina4/",
                        "Tina4/Api/",
                        "Tina4/Config/",
                        "Tina4/Database/",
                        "Tina4/Deploy",
                        "Tina4/Messaging/",
                        "Tina4/Routing/",
                        "Tina4/Security/",
                        "Tina4/Service/",
                        "Tina4/Twig"
                    ]
                },
                "classmap": [
                    "Helpers/",
                    "Tina4/",
                    "src/"
                ]
            },
            "notification-url": "https://packagist.org/downloads/",
            "license": [
                "MIT"
            ],
            "description": "Tina4 PHP",
            "support": {
                "issues": "https://github.com/tina4stack/tina4-php/issues",
                "source": "https://github.com/tina4stack/tina4-php/tree/master"
            },
            "time": "2023-07-06T06:54:44+00:00"
        },
        {
            "name": "tina4stack/tina4php-core",
            "version": "v2.0.6",
            "source": {
                "type": "git",
                "url": "https://github.com/tina4stack/tina4php-core.git",
                "reference": "d70bcc37e99ef04f8da8f396b5d7cf8004bf3eab"
            },
            "dist": {
                "type": "zip",
                "url": "https://api.github.com/repos/tina4stack/tina4php-core/zipball/d70bcc37e99ef04f8da8f396b5d7cf8004bf3eab",
                "reference": "d70bcc37e99ef04f8da8f396b5d7cf8004bf3eab",
                "shasum": ""
            },
            "require-dev": {
                "overtrue/phplint": "^2.0",
                "phpmetrics/phpmetrics": "^2.8",
                "phpunit/phpunit": "^9",
                "tina4stack/tina4php-debug": "^2.0"
            },
            "bin": [
                "bin/tina4",
                "bin/tina4service"
            ],
            "type": "library",
            "autoload": {
                "files": [
                    "Tina4/Functions.php"
                ],
                "psr-4": {
                    "Tina4\\": [
                        "Tina4/"
                    ]
                },
                "classmap": [
                    "Tina4/"
                ]
            },
            "notification-url": "https://packagist.org/downloads/",
            "license": [
                "MIT"
            ],
            "description": "Tina4 PHP Core Functionality",
            "support": {
                "issues": "https://github.com/tina4stack/tina4php-core/issues",
                "source": "https://github.com/tina4stack/tina4php-core/tree/v2.0.6"
            },
            "time": "2023-07-03T20:22:12+00:00"
        },
        {
            "name": "tina4stack/tina4php-database",
            "version": "v2.0.10",
            "source": {
                "type": "git",
                "url": "https://github.com/tina4stack/tina4php-database.git",
                "reference": "6dacb37cd0e36de3c61e05590ff845ef10b6fcf3"
            },
            "dist": {
                "type": "zip",
                "url": "https://api.github.com/repos/tina4stack/tina4php-database/zipball/6dacb37cd0e36de3c61e05590ff845ef10b6fcf3",
                "reference": "6dacb37cd0e36de3c61e05590ff845ef10b6fcf3",
                "shasum": ""
            },
            "require": {
                "ext-json": "*",
                "tina4stack/tina4php-debug": "^2.0"
            },
            "require-dev": {
                "overtrue/phplint": "^2.0",
                "phpunit/phpunit": "^9",
                "roave/security-advisories": "dev-latest"
            },
            "type": "library",
            "autoload": {
                "files": [
                    "Tina4/constants.php",
                    "Tina4/Interfaces/DataBase.php",
                    "Tina4/Interfaces/DataBaseMetaData.php",
                    "Tina4/DataBaseCore.php",
                    "Tina4/DataError.php",
                    "Tina4/DataField.php",
                    "Tina4/DataRecord.php",
                    "Tina4/DataResult.php",
                    "Tina4/SQL.php"
                ],
                "psr-4": {
                    "Tina4\\": [
                        "Tina4/"
                    ]
                },
                "classmap": [
                    "Tina4/"
                ]
            },
            "notification-url": "https://packagist.org/downloads/",
            "license": [
                "MIT"
            ],
            "description": "Tina4 PHP Database Module",
            "support": {
                "issues": "https://github.com/tina4stack/tina4php-database/issues",
                "source": "https://github.com/tina4stack/tina4php-database/tree/v2.0.10"
            },
            "time": "2023-06-08T09:59:38+00:00"
        },
        {
            "name": "tina4stack/tina4php-debug",
            "version": "v2.0.8",
            "source": {
                "type": "git",
                "url": "https://github.com/tina4stack/tina4php-debug.git",
                "reference": "a5e50643dd0c4de64f5081986324b5643bec4ea1"
            },
            "dist": {
                "type": "zip",
                "url": "https://api.github.com/repos/tina4stack/tina4php-debug/zipball/a5e50643dd0c4de64f5081986324b5643bec4ea1",
                "reference": "a5e50643dd0c4de64f5081986324b5643bec4ea1",
                "shasum": ""
            },
            "require": {
                "psr/log": "^1.1",
                "twig/twig": "^3.3"
            },
            "require-dev": {
                "overtrue/phplint": "^2.0",
                "phpunit/phpunit": "^9",
                "roave/security-advisories": "dev-latest"
            },
            "type": "library",
            "autoload": {
                "files": [
                    "Tina4/Initialize.php"
                ],
                "psr-4": {
                    "Tina4\\": [
                        "Tina4/"
                    ]
                },
                "classmap": [
                    "Tina4/"
                ]
            },
            "notification-url": "https://packagist.org/downloads/",
            "license": [
                "MIT"
            ],
            "description": "Tina4 PHP Debug Functionality",
            "support": {
                "issues": "https://github.com/tina4stack/tina4php-debug/issues",
                "source": "https://github.com/tina4stack/tina4php-debug/tree/v2.0.8"
            },
            "time": "2023-06-07T13:00:04+00:00"
        },
        {
            "name": "tina4stack/tina4php-env",
            "version": "v2.0.5",
            "source": {
                "type": "git",
                "url": "https://github.com/tina4stack/tina4php-env.git",
                "reference": "c04d5d1c8206db8a69ad67cc77ef1bf2dd340e35"
            },
            "dist": {
                "type": "zip",
                "url": "https://api.github.com/repos/tina4stack/tina4php-env/zipball/c04d5d1c8206db8a69ad67cc77ef1bf2dd340e35",
                "reference": "c04d5d1c8206db8a69ad67cc77ef1bf2dd340e35",
                "shasum": ""
            },
            "require-dev": {
                "overtrue/phplint": "^2.0",
                "phpunit/phpunit": "^9",
                "tina4stack/tina4php-debug": "^2.0"
            },
            "type": "library",
            "autoload": {
                "files": [
                    "Tina4/Initialize.php"
                ],
                "psr-4": {
                    "Tina4\\": [
                        "Tina4/"
                    ]
                },
                "classmap": [
                    "Tina4/"
                ]
            },
            "notification-url": "https://packagist.org/downloads/",
            "license": [
                "MIT"
            ],
            "description": "Tina4 PHP Environment Functionality",
            "support": {
                "issues": "https://github.com/tina4stack/tina4php-env/issues",
                "source": "https://github.com/tina4stack/tina4php-env/tree/v2.0.5"
            },
            "time": "2022-08-01T17:21:45+00:00"
        },
        {
            "name": "tina4stack/tina4php-orm",
            "version": "v2.0.13",
            "source": {
                "type": "git",
                "url": "https://github.com/tina4stack/tina4php-orm.git",
                "reference": "f58441f4ebac429a47e4bb5314ccabc5ddba986d"
            },
            "dist": {
                "type": "zip",
                "url": "https://api.github.com/repos/tina4stack/tina4php-orm/zipball/f58441f4ebac429a47e4bb5314ccabc5ddba986d",
                "reference": "f58441f4ebac429a47e4bb5314ccabc5ddba986d",
                "shasum": ""
            },
            "require-dev": {
                "overtrue/phplint": "^2.0",
                "phpunit/phpunit": "^9",
                "roave/security-advisories": "dev-latest",
                "tina4stack/tina4php-firebird": "^2.0"
            },
            "type": "library",
            "autoload": {
                "psr-4": {
                    "Tina4\\": [
                        "Tina4/"
                    ]
                },
                "classmap": [
                    "Tina4/"
                ]
            },
            "notification-url": "https://packagist.org/downloads/",
            "license": [
                "MIT"
            ],
            "description": "Tina4 ORM Module",
            "support": {
                "issues": "https://github.com/tina4stack/tina4php-orm/issues",
                "source": "https://github.com/tina4stack/tina4php-orm/tree/v2.0.13"
            },
            "time": "2023-07-03T08:28:53+00:00"
        },
        {
            "name": "tina4stack/tina4php-shape",
            "version": "v2.0.2",
            "source": {
                "type": "git",
                "url": "https://github.com/tina4stack/tina4php-shape.git",
                "reference": "2701fdc744bea76afd9068d481d051ddcf9f04c5"
            },
            "dist": {
                "type": "zip",
                "url": "https://api.github.com/repos/tina4stack/tina4php-shape/zipball/2701fdc744bea76afd9068d481d051ddcf9f04c5",
                "reference": "2701fdc744bea76afd9068d481d051ddcf9f04c5",
                "shasum": ""
            },
            "require-dev": {
                "overtrue/phplint": "^2.0",
                "phpunit/phpunit": "^9",
                "roave/security-advisories": "dev-latest"
            },
            "type": "library",
            "autoload": {
                "files": [
                    "Tina4/HTMLElement.php",
                    "Tina4/Initialize.php"
                ],
                "psr-4": {
                    "Tina4\\": [
                        "Tina4/"
                    ]
                },
                "classmap": [
                    "Tina4/"
                ]
            },
            "notification-url": "https://packagist.org/downloads/",
            "license": [
                "MIT"
            ],
            "description": "Tina4 PHP HTML Shape Language",
            "support": {
                "issues": "https://github.com/tina4stack/tina4php-shape/issues",
                "source": "https://github.com/tina4stack/tina4php-shape/tree/v2.0.2"
            },
            "time": "2021-07-21T10:35:18+00:00"
        },
        {
            "name": "twig/twig",
            "version": "3.x-dev",
            "source": {
                "type": "git",
                "url": "https://github.com/twigphp/Twig.git",
                "reference": "e145d3626614ec64a664cb08339cef4f8df82da5"
            },
            "dist": {
                "type": "zip",
                "url": "https://api.github.com/repos/twigphp/Twig/zipball/e145d3626614ec64a664cb08339cef4f8df82da5",
                "reference": "e145d3626614ec64a664cb08339cef4f8df82da5",
                "shasum": ""
            },
            "require": {
                "php": ">=7.2.5",
                "symfony/polyfill-ctype": "^1.8",
                "symfony/polyfill-mbstring": "^1.3"
            },
            "require-dev": {
                "psr/container": "^1.0|^2.0",
                "symfony/phpunit-bridge": "^4.4.9|^5.0.9|^6.0"
            },
            "default-branch": true,
            "type": "library",
            "autoload": {
                "psr-4": {
                    "Twig\\": "src/"
                }
            },
            "notification-url": "https://packagist.org/downloads/",
            "license": [
                "BSD-3-Clause"
            ],
            "authors": [
                {
                    "name": "Fabien Potencier",
                    "email": "fabien@symfony.com",
                    "homepage": "http://fabien.potencier.org",
                    "role": "Lead Developer"
                },
                {
                    "name": "Twig Team",
                    "role": "Contributors"
                },
                {
                    "name": "Armin Ronacher",
                    "email": "armin.ronacher@active-4.com",
                    "role": "Project Founder"
                }
            ],
            "description": "Twig, the flexible, fast, and secure template language for PHP",
            "homepage": "https://twig.symfony.com",
            "keywords": [
                "templating"
            ],
            "support": {
                "issues": "https://github.com/twigphp/Twig/issues",
                "source": "https://github.com/twigphp/Twig/tree/3.x"
            },
            "funding": [
                {
                    "url": "https://github.com/fabpot",
                    "type": "github"
                },
                {
                    "url": "https://tidelift.com/funding/github/packagist/twig/twig",
                    "type": "tidelift"
                }
            ],
            "time": "2023-07-05T10:13:55+00:00"
        }
    ],
    "packages-dev": [],
    "aliases": [],
    "minimum-stability": "dev",
    "stability-flags": [],
    "prefer-stable": false,
    "prefer-lowest": false,
    "platform": [],
    "platform-dev": [],
    "plugin-api-version": "2.3.0"
}
